
Microsoft Visual Studio Solution File, Format Version 12.00
# Visual Studio 2013
VisualStudioVersion = 12.0.21005.1
MinimumVisualStudioVersion = 10.0.40219.1
Project("{FAE04EC0-301F-11D3-BF4B-00C04F79EFBC}") = "ConsoleApplication1", "ConsoleApplication1\ConsoleApplication1.csproj", "{519F18B4-7E3D-476F-A68A-649FFD3535A9}"
EndProject
Project("{FAE04EC0-301F-11D3-BF4B-00C04F79EFBC}") = "UnitTestProject1", "UnitTestProject1\UnitTestProject1.csproj", "{FE87019E-568A-4CE9-819E-B2AB99A01808}"
EndProject
Project("{FAE04EC0-301F-11D3-BF4B-00C04F79EFBC}") = "UnitTestProject2", "UnitTestProject2\UnitTestProject2.csproj", "{97F634DE-C1A6-4BD8-8B82-E814968D7CDD}"
EndProject
Project("{FAE04EC0-301F-11D3-BF4B-00C04F79EFBC}") = "ConsoleApplication2", "ConsoleApplication2\ConsoleApplication2.csproj", "{684C1F55-1A7D-46E2-9B7A-06CC3991237D}"
EndProject
Project("{FAE04EC0-301F-11D3-BF4B-00C04F79EFBC}") = "UnitTestProject3", "UnitTestProject3\UnitTestProject3.csproj", "{2C7B7FBA-7AEF-4E73-B2B9-043E84055F80}"
EndProject
Global
	GlobalSection(SolutionConfigurationPlatforms) = preSolution
		Debug|Any CPU = Debug|Any CPU
		Release|Any CPU = Release|Any CPU
	EndGlobalSection
	GlobalSection(ProjectConfigurationPlatforms) = postSolution
		{519F18B4-7E3D-476F-A68A-649FFD3535A9}.Debug|Any CPU.ActiveCfg = Debug|Any CPU
		{519F18B4-7E3D-476F-A68A-649FFD3535A9}.Debug|Any CPU.Build.0 = Debug|Any CPU
		{519F18B4-7E3D-476F-A68A-649FFD3535A9}.Release|Any CPU.ActiveCfg = Release|Any CPU
		{519F18B4-7E3D-476F-A68A-649FFD3535A9}.Release|Any CPU.Build.0 = Release|Any CPU
		{FE87019E-568A-4CE9-819E-B2AB99A01808}.Debug|Any CPU.ActiveCfg = Debug|Any CPU
		{FE87019E-568A-4CE9-819E-B2AB99A01808}.Debug|Any CPU.Build.0 = Debug|Any CPU
		{FE87019E-568A-4CE9-819E-B2AB99A01808}.Release|Any CPU.ActiveCfg = Release|Any CPU
		{FE87019E-568A-4CE9-819E-B2AB99A01808}.Release|Any CPU.Build.0 = Release|Any CPU
		{97F634DE-C1A6-4BD8-8B82-E814968D7CDD}.Debug|Any CPU.ActiveCfg = Debug|Any CPU
		{97F634DE-C1A6-4BD8-8B82-E814968D7CDD}.Debug|Any CPU.Build.0 = Debug|Any CPU
		{97F634DE-C1A6-4BD8-8B82-E814968D7CDD}.Release|Any CPU.ActiveCfg = Release|Any CPU
		{97F634DE-C1A6-4BD8-8B82-E814968D7CDD}.Release|Any CPU.Build.0 = Release|Any CPU
		{684C1F55-1A7D-46E2-9B7A-06CC3991237D}.Debug|Any CPU.ActiveCfg = Debug|Any CPU
		{684C1F55-1A7D-46E2-9B7A-06CC3991237D}.Debug|Any CPU.Build.0 = Debug|Any CPU
		{684C1F55-1A7D-46E2-9B7A-06CC3991237D}.Release|Any CPU.ActiveCfg = Release|Any CPU
		{684C1F55-1A7D-46E2-9B7A-06CC3991237D}.Release|Any CPU.Build.0 = Release|Any CPU
		{2C7B7FBA-7AEF-4E73-B2B9-043E84055F80}.Debug|Any CPU.ActiveCfg = Debug|Any CPU
		{2C7B7FBA-7AEF-4E73-B2B9-043E84055F80}.Debug|Any CPU.Build.0 = Debug|Any CPU
		{2C7B7FBA-7AEF-4E73-B2B9-043E84055F80}.Release|Any CPU.ActiveCfg = Release|Any CPU
		{2C7B7FBA-7AEF-4E73-B2B9-043E84055F80}.Release|Any CPU.Build.0 = Release|Any CPU
	EndGlobalSection
	GlobalSection(SolutionProperties) = preSolution
		HideSolutionNode = FALSE
	EndGlobalSection
EndGlobal
